
Microsoft Visual Studio Solution File, Format Version 12.00
# Visual Studio Version 17
VisualStudioVersion = 17.2.32630.192
MinimumVisualStudioVersion = 10.0.40219.1
Project("{8BC9CEB8-8B4A-11D0-8D11-00A0C91BC942}") = "keymeleon-console", "keymeleon-console\keymeleon-console.vcxproj", "{40D7018C-3D05-4439-8287-1FAE68C505B3}"
EndProject
Project("{FAE04EC0-301F-11D3-BF4B-00C04F79EFBC}") = "chameleon", "chameleon\chameleon.csproj", "{E0ABE9D9-D1EA-4F41-84E1-B8CD1B995A64}"
EndProject
Global
	GlobalSection(SolutionConfigurationPlatforms) = preSolution
		Debug|Any CPU = Debug|Any CPU
		Debug|x64 = Debug|x64
		Debug|x86 = Debug|x86
		Release|Any CPU = Release|Any CPU
		Release|x64 = Release|x64
		Release|x86 = Release|x86
	EndGlobalSection
	GlobalSection(ProjectConfigurationPlatforms) = postSolution
		{40D7018C-3D05-4439-8287-1FAE68C505B3}.Debug|Any CPU.ActiveCfg = Debug|x64
		{40D7018C-3D05-4439-8287-1FAE68C505B3}.Debug|Any CPU.Build.0 = Debug|x64
		{40D7018C-3D05-4439-8287-1FAE68C505B3}.Debug|x64.ActiveCfg = Debug|x64
		{40D7018C-3D05-4439-8287-1FAE68C505B3}.Debug|x64.Build.0 = Debug|x64
		{40D7018C-3D05-4439-8287-1FAE68C505B3}.Debug|x86.ActiveCfg = Debug|Win32
		{40D7018C-3D05-4439-8287-1FAE68C505B3}.Debug|x86.Build.0 = Debug|Win32
		{40D7018C-3D05-4439-8287-1FAE68C505B3}.Release|Any CPU.ActiveCfg = Release|x64
		{40D7018C-3D05-4439-8287-1FAE68C505B3}.Release|Any CPU.Build.0 = Release|x64
		{40D7018C-3D05-4439-8287-1FAE68C505B3}.Release|x64.ActiveCfg = Release|x64
		{40D7018C-3D05-4439-8287-1FAE68C505B3}.Release|x64.Build.0 = Release|x64
		{40D7018C-3D05-4439-8287-1FAE68C505B3}.Release|x86.ActiveCfg = Release|Win32
		{40D7018C-3D05-4439-8287-1FAE68C505B3}.Release|x86.Build.0 = Release|Win32
		{E0ABE9D9-D1EA-4F41-84E1-B8CD1B995A64}.Debug|Any CPU.ActiveCfg = Debug|Any CPU
		{E0ABE9D9-D1EA-4F41-84E1-B8CD1B995A64}.Debug|Any CPU.Build.0 = Debug|Any CPU
		{E0ABE9D9-D1EA-4F41-84E1-B8CD1B995A64}.Debug|x64.ActiveCfg = Debug|Any CPU
		{E0ABE9D9-D1EA-4F41-84E1-B8CD1B995A64}.Debug|x64.Build.0 = Debug|Any CPU
		{E0ABE9D9-D1EA-4F41-84E1-B8CD1B995A64}.Debug|x86.ActiveCfg = Debug|Any CPU
		{E0ABE9D9-D1EA-4F41-84E1-B8CD1B995A64}.Debug|x86.Build.0 = Debug|Any CPU
		{E0ABE9D9-D1EA-4F41-84E1-B8CD1B995A64}.Release|Any CPU.ActiveCfg = Release|Any CPU
		{E0ABE9D9-D1EA-4F41-84E1-B8CD1B995A64}.Release|Any CPU.Build.0 = Release|Any CPU
		{E0ABE9D9-D1EA-4F41-84E1-B8CD1B995A64}.Release|x64.ActiveCfg = Release|Any CPU
		{E0ABE9D9-D1EA-4F41-84E1-B8CD1B995A64}.Release|x64.Build.0 = Release|Any CPU
		{E0ABE9D9-D1EA-4F41-84E1-B8CD1B995A64}.Release|x86.ActiveCfg = Release|Any CPU
		{E0ABE9D9-D1EA-4F41-84E1-B8CD1B995A64}.Release|x86.Build.0 = Release|Any CPU
	EndGlobalSection
	GlobalSection(SolutionProperties) = preSolution
		HideSolutionNode = FALSE
	EndGlobalSection
	GlobalSection(ExtensibilityGlobals) = postSolution
		SolutionGuid = {50814865-FAEA-476A-9996-8283AC7E6E58}
	EndGlobalSection
EndGlobal
